
Microsoft Visual Studio Solution File, Format Version 12.00
# Blend for Visual Studio Version 16
VisualStudioVersion = 16.0.32602.291
MinimumVisualStudioVersion = 10.0.40219.1
Project("{FAE04EC0-301F-11D3-BF4B-00C04F79EFBC}") = "Lab11FlowerWpfApp1", "Lab11FlowerWpfApp1\Lab11FlowerWpfApp1.csproj", "{A6A67CA9-3D21-4F95-AD51-41246B85C816}"
EndProject
Global
	GlobalSection(SolutionConfigurationPlatforms) = preSolution
		Debug|Any CPU = Debug|Any CPU
		Release|Any CPU = Release|Any CPU
	EndGlobalSection
	GlobalSection(ProjectConfigurationPlatforms) = postSolution
		{A6A67CA9-3D21-4F95-AD51-41246B85C816}.Debug|Any CPU.ActiveCfg = Debug|Any CPU
		{A6A67CA9-3D21-4F95-AD51-41246B85C816}.Debug|Any CPU.Build.0 = Debug|Any CPU
		{A6A67CA9-3D21-4F95-AD51-41246B85C816}.Release|Any CPU.ActiveCfg = Release|Any CPU
		{A6A67CA9-3D21-4F95-AD51-41246B85C816}.Release|Any CPU.Build.0 = Release|Any CPU
	EndGlobalSection
	GlobalSection(SolutionProperties) = preSolution
		HideSolutionNode = FALSE
	EndGlobalSection
	GlobalSection(ExtensibilityGlobals) = postSolution
		SolutionGuid = {7777D841-0FB2-4C23-8AF8-3F6AEC07874F}
	EndGlobalSection
EndGlobal
